// !$*UTF8*$!
{
	archiveVersion = 1;
	classes = {
	};
	objectVersion = 48;
	objects = {

/* Begin PBXBuildFile section */
		701E7F519B03D5D39B794008 /* Pods_Login.framework in Frameworks */ = {isa = PBXBuildFile; fileRef = 0D6FAFD0032500F38949E0C3 /* Pods_Login.framework */; };
		CA5D86DC1F9CCA3500D47C23 /* RACOperationViewController.m in Sources */ = {isa = PBXBuildFile; fileRef = CA5D86DB1F9CCA3500D47C23 /* RACOperationViewController.m */; };
		CA98C8D21F8A21E700E230E8 /* AppDelegate.m in Sources */ = {isa = PBXBuildFile; fileRef = CA98C8D11F8A21E700E230E8 /* AppDelegate.m */; };
		CA98C8D51F8A21E700E230E8 /* ViewController.m in Sources */ = {isa = PBXBuildFile; fileRef = CA98C8D41F8A21E700E230E8 /* ViewController.m */; };
		CA98C8D81F8A21E700E230E8 /* Main.storyboard in Resources */ = {isa = PBXBuildFile; fileRef = CA98C8D61F8A21E700E230E8 /* Main.storyboard */; };
		CA98C8DA1F8A21E700E230E8 /* Assets.xcassets in Resources */ = {isa = PBXBuildFile; fileRef = CA98C8D91F8A21E700E230E8 /* Assets.xcassets */; };
		CA98C8DD1F8A21E700E230E8 /* LaunchScreen.storyboard in Resources */ = {isa = PBXBuildFile; fileRef = CA98C8DB1F8A21E700E230E8 /* LaunchScreen.storyboard */; };
		CA98C8E01F8A21E700E230E8 /* main.m in Sources */ = {isa = PBXBuildFile; fileRef = CA98C8DF1F8A21E700E230E8 /* main.m */; };
		CA98C8E91F8A2A4F00E230E8 /* LoginViewController.m in Sources */ = {isa = PBXBuildFile; fileRef = CA98C8E81F8A2A4F00E230E8 /* LoginViewController.m */; };
		CA98C8F31F8A414000E230E8 /* LoginViewModel.m in Sources */ = {isa = PBXBuildFile; fileRef = CA98C8F21F8A414000E230E8 /* LoginViewModel.m */; };
		CA98C8F61F8A460900E230E8 /* RACNetworkData.m in Sources */ = {isa = PBXBuildFile; fileRef = CA98C8F51F8A460900E230E8 /* RACNetworkData.m */; };
		CA98C8FA1F8A48C500E230E8 /* NetworkDataViewModel.m in Sources */ = {isa = PBXBuildFile; fileRef = CA98C8F91F8A48C500E230E8 /* NetworkDataViewModel.m */; };
		CA98C8FD1F8A4C6700E230E8 /* NetworkDataModel.m in Sources */ = {isa = PBXBuildFile; fileRef = CA98C8FC1F8A4C6700E230E8 /* NetworkDataModel.m */; };
		CAEF54151F9227CB003307DE /* RACOtherViewController.m in Sources */ = {isa = PBXBuildFile; fileRef = CAEF54141F9227CB003307DE /* RACOtherViewController.m */; };
		CAEF54181F9231A2003307DE /* RACView.m in Sources */ = {isa = PBXBuildFile; fileRef = CAEF54171F9231A2003307DE /* RACView.m */; };
		CAEF541B1F9238C4003307DE /* RACModel.m in Sources */ = {isa = PBXBuildFile; fileRef = CAEF541A1F9238C4003307DE /* RACModel.m */; };
		CAEF541E1F924B22003307DE /* RACAdvanceViewController.m in Sources */ = {isa = PBXBuildFile; fileRef = CAEF541D1F924B22003307DE /* RACAdvanceViewController.m */; };
		CAEF54221F924B5B003307DE /* RACBasicUseController.m in Sources */ = {isa = PBXBuildFile; fileRef = CAEF54211F924B5B003307DE /* RACBasicUseController.m */; };
/* End PBXBuildFile section */

/* Begin PBXFileReference section */
		0D6FAFD0032500F38949E0C3 /* Pods_Login.framework */ = {isa = PBXFileReference; explicitFileType = wrapper.framework; includeInIndex = 0; path = Pods_Login.framework; sourceTree = BUILT_PRODUCTS_DIR; };
		0D88B1D8D255BDB353CDA421 /* Pods-Login.release.xcconfig */ = {isa = PBXFileReference; includeInIndex = 1; lastKnownFileType = text.xcconfig; name = "Pods-Login.release.xcconfig"; path = "Pods/Target Support Files/Pods-Login/Pods-Login.release.xcconfig"; sourceTree = "<group>"; };
		21E35A46A3794DF535934A59 /* Pods-Login.debug.xcconfig */ = {isa = PBXFileReference; includeInIndex = 1; lastKnownFileType = text.xcconfig; name = "Pods-Login.debug.xcconfig"; path = "Pods/Target Support Files/Pods-Login/Pods-Login.debug.xcconfig"; sourceTree = "<group>"; };
		CA5D86DA1F9CCA3500D47C23 /* RACOperationViewController.h */ = {isa = PBXFileReference; lastKnownFileType = sourcecode.c.h; path = RACOperationViewController.h; sourceTree = "<group>"; };
		CA5D86DB1F9CCA3500D47C23 /* RACOperationViewController.m */ = {isa = PBXFileReference; lastKnownFileType = sourcecode.c.objc; path = RACOperationViewController.m; sourceTree = "<group>"; };
		CA98C8CD1F8A21E700E230E8 /* Login.app */ = {isa = PBXFileReference; explicitFileType = wrapper.application; includeInIndex = 0; path = Login.app; sourceTree = BUILT_PRODUCTS_DIR; };
		CA98C8D01F8A21E700E230E8 /* AppDelegate.h */ = {isa = PBXFileReference; lastKnownFileType = sourcecode.c.h; path = AppDelegate.h; sourceTree = "<group>"; };
		CA98C8D11F8A21E700E230E8 /* AppDelegate.m */ = {isa = PBXFileReference; lastKnownFileType = sourcecode.c.objc; path = AppDelegate.m; sourceTree = "<group>"; };
		CA98C8D31F8A21E700E230E8 /* ViewController.h */ = {isa = PBXFileReference; lastKnownFileType = sourcecode.c.h; path = ViewController.h; sourceTree = "<group>"; };
		CA98C8D41F8A21E700E230E8 /* ViewController.m */ = {isa = PBXFileReference; lastKnownFileType = sourcecode.c.objc; path = ViewController.m; sourceTree = "<group>"; };
		CA98C8D71F8A21E700E230E8 /* Base */ = {isa = PBXFileReference; lastKnownFileType = file.storyboard; name = Base; path = Base.lproj/Main.storyboard; sourceTree = "<group>"; };
		CA98C8D91F8A21E700E230E8 /* Assets.xcassets */ = {isa = PBXFileReference; lastKnownFileType = folder.assetcatalog; path = Assets.xcassets; sourceTree = "<group>"; };
		CA98C8DC1F8A21E700E230E8 /* Base */ = {isa = PBXFileReference; lastKnownFileType = file.storyboard; name = Base; path = Base.lproj/LaunchScreen.storyboard; sourceTree = "<group>"; };
		CA98C8DE1F8A21E700E230E8 /* Info.plist */ = {isa = PBXFileReference; lastKnownFileType = text.plist.xml; path = Info.plist; sourceTree = "<group>"; };
		CA98C8DF1F8A21E700E230E8 /* main.m */ = {isa = PBXFileReference; lastKnownFileType = sourcecode.c.objc; path = main.m; sourceTree = "<group>"; };
		CA98C8E71F8A2A4F00E230E8 /* LoginViewController.h */ = {isa = PBXFileReference; lastKnownFileType = sourcecode.c.h; path = LoginViewController.h; sourceTree = "<group>"; };
		CA98C8E81F8A2A4F00E230E8 /* LoginViewController.m */ = {isa = PBXFileReference; lastKnownFileType = sourcecode.c.objc; path = LoginViewController.m; sourceTree = "<group>"; };
		CA98C8EB1F8A2B1F00E230E8 /* PrefixHeader.pch */ = {isa = PBXFileReference; lastKnownFileType = sourcecode.c.h; path = PrefixHeader.pch; sourceTree = "<group>"; };
		CA98C8F11F8A414000E230E8 /* LoginViewModel.h */ = {isa = PBXFileReference; lastKnownFileType = sourcecode.c.h; path = LoginViewModel.h; sourceTree = "<group>"; };
		CA98C8F21F8A414000E230E8 /* LoginViewModel.m */ = {isa = PBXFileReference; lastKnownFileType = sourcecode.c.objc; path = LoginViewModel.m; sourceTree = "<group>"; };
		CA98C8F41F8A460900E230E8 /* RACNetworkData.h */ = {isa = PBXFileReference; lastKnownFileType = sourcecode.c.h; path = RACNetworkData.h; sourceTree = "<group>"; };
		CA98C8F51F8A460900E230E8 /* RACNetworkData.m */ = {isa = PBXFileReference; lastKnownFileType = sourcecode.c.objc; path = RACNetworkData.m; sourceTree = "<group>"; };
		CA98C8F81F8A48C500E230E8 /* NetworkDataViewModel.h */ = {isa = PBXFileReference; lastKnownFileType = sourcecode.c.h; path = NetworkDataViewModel.h; sourceTree = "<group>"; };
		CA98C8F91F8A48C500E230E8 /* NetworkDataViewModel.m */ = {isa = PBXFileReference; lastKnownFileType = sourcecode.c.objc; path = NetworkDataViewModel.m; sourceTree = "<group>"; };
		CA98C8FB1F8A4C6700E230E8 /* NetworkDataModel.h */ = {isa = PBXFileReference; lastKnownFileType = sourcecode.c.h; path = NetworkDataModel.h; sourceTree = "<group>"; };
		CA98C8FC1F8A4C6700E230E8 /* NetworkDataModel.m */ = {isa = PBXFileReference; lastKnownFileType = sourcecode.c.objc; path = NetworkDataModel.m; sourceTree = "<group>"; };
		CAEF54131F9227CB003307DE /* RACOtherViewController.h */ = {isa = PBXFileReference; lastKnownFileType = sourcecode.c.h; path = RACOtherViewController.h; sourceTree = "<group>"; };
		CAEF54141F9227CB003307DE /* RACOtherViewController.m */ = {isa = PBXFileReference; lastKnownFileType = sourcecode.c.objc; path = RACOtherViewController.m; sourceTree = "<group>"; };
		CAEF54161F9231A2003307DE /* RACView.h */ = {isa = PBXFileReference; lastKnownFileType = sourcecode.c.h; path = RACView.h; sourceTree = "<group>"; };
		CAEF54171F9231A2003307DE /* RACView.m */ = {isa = PBXFileReference; lastKnownFileType = sourcecode.c.objc; path = RACView.m; sourceTree = "<group>"; };
		CAEF54191F9238C4003307DE /* RACModel.h */ = {isa = PBXFileReference; lastKnownFileType = sourcecode.c.h; path = RACModel.h; sourceTree = "<group>"; };
		CAEF541A1F9238C4003307DE /* RACModel.m */ = {isa = PBXFileReference; lastKnownFileType = sourcecode.c.objc; path = RACModel.m; sourceTree = "<group>"; };
		CAEF541C1F924B22003307DE /* RACAdvanceViewController.h */ = {isa = PBXFileReference; lastKnownFileType = sourcecode.c.h; path = RACAdvanceViewController.h; sourceTree = "<group>"; };
		CAEF541D1F924B22003307DE /* RACAdvanceViewController.m */ = {isa = PBXFileReference; lastKnownFileType = sourcecode.c.objc; path = RACAdvanceViewController.m; sourceTree = "<group>"; };
		CAEF54201F924B5A003307DE /* RACBasicUseController.h */ = {isa = PBXFileReference; fileEncoding = 4; lastKnownFileType = sourcecode.c.h; path = RACBasicUseController.h; sourceTree = "<group>"; };
		CAEF54211F924B5B003307DE /* RACBasicUseController.m */ = {isa = PBXFileReference; fileEncoding = 4; lastKnownFileType = sourcecode.c.objc; path = RACBasicUseController.m; sourceTree = "<group>"; };
/* End PBXFileReference section */

/* Begin PBXFrameworksBuildPhase section */
		CA98C8CA1F8A21E700E230E8 /* Frameworks */ = {
			isa = PBXFrameworksBuildPhase;
			buildActionMask = 2147483647;
			files = (
				701E7F519B03D5D39B794008 /* Pods_Login.framework in Frameworks */,
			);
			runOnlyForDeploymentPostprocessing = 0;
		};
/* End PBXFrameworksBuildPhase section */

/* Begin PBXGroup section */
		2222247108E5AE7DEBCF6CE9 /* Frameworks */ = {
			isa = PBXGroup;
			children = (
				0D6FAFD0032500F38949E0C3 /* Pods_Login.framework */,
			);
			name = Frameworks;
			sourceTree = "<group>";
		};
		7A1DD663E9EF75CA10237B5B /* Pods */ = {
			isa = PBXGroup;
			children = (
				21E35A46A3794DF535934A59 /* Pods-Login.debug.xcconfig */,
				0D88B1D8D255BDB353CDA421 /* Pods-Login.release.xcconfig */,
			);
			name = Pods;
			sourceTree = "<group>";
		};
		CA5D86D91F9CCA0300D47C23 /* RACOperation */ = {
			isa = PBXGroup;
			children = (
				CA5D86DA1F9CCA3500D47C23 /* RACOperationViewController.h */,
				CA5D86DB1F9CCA3500D47C23 /* RACOperationViewController.m */,
			);
			path = RACOperation;
			sourceTree = "<group>";
		};
		CA98C8C41F8A21E700E230E8 = {
			isa = PBXGroup;
			children = (
				CA98C8CF1F8A21E700E230E8 /* Login */,
				CA98C8CE1F8A21E700E230E8 /* Products */,
				7A1DD663E9EF75CA10237B5B /* Pods */,
				2222247108E5AE7DEBCF6CE9 /* Frameworks */,
			);
			sourceTree = "<group>";
		};
		CA98C8CE1F8A21E700E230E8 /* Products */ = {
			isa = PBXGroup;
			children = (
				CA98C8CD1F8A21E700E230E8 /* Login.app */,
			);
			name = Products;
			sourceTree = "<group>";
		};
		CA98C8CF1F8A21E700E230E8 /* Login */ = {
			isa = PBXGroup;
			children = (
				CA98C8EB1F8A2B1F00E230E8 /* PrefixHeader.pch */,
				CA98C8D01F8A21E700E230E8 /* AppDelegate.h */,
				CA98C8D11F8A21E700E230E8 /* AppDelegate.m */,
				CA98C8F71F8A460E00E230E8 /* RACNetworkData */,
				CA98C8E61F8A2A4000E230E8 /* RACLogin */,
				CA98C8EF1F8A2EA400E230E8 /* RACBasicUsage */,
				CAEF54121F9227A6003307DE /* RACOther */,
				CAEF541F1F924B32003307DE /* RACAdvance */,
				CA5D86D91F9CCA0300D47C23 /* RACOperation */,
				CA98C8D31F8A21E700E230E8 /* ViewController.h */,
				CA98C8D41F8A21E700E230E8 /* ViewController.m */,
				CA98C8D61F8A21E700E230E8 /* Main.storyboard */,
				CA98C8DE1F8A21E700E230E8 /* Info.plist */,
				CA98C8F01F8A2EE000E230E8 /* Other */,
			);
			path = Login;
			sourceTree = "<group>";
		};
		CA98C8E61F8A2A4000E230E8 /* RACLogin */ = {
			isa = PBXGroup;
			children = (
				CA98C8E71F8A2A4F00E230E8 /* LoginViewController.h */,
				CA98C8E81F8A2A4F00E230E8 /* LoginViewController.m */,
				CA98C8F11F8A414000E230E8 /* LoginViewModel.h */,
				CA98C8F21F8A414000E230E8 /* LoginViewModel.m */,
			);
			path = RACLogin;
			sourceTree = "<group>";
		};
		CA98C8EF1F8A2EA400E230E8 /* RACBasicUsage */ = {
			isa = PBXGroup;
			children = (
				CAEF54201F924B5A003307DE /* RACBasicUseController.h */,
				CAEF54211F924B5B003307DE /* RACBasicUseController.m */,
			);
			path = RACBasicUsage;
			sourceTree = "<group>";
		};
		CA98C8F01F8A2EE000E230E8 /* Other */ = {
			isa = PBXGroup;
			children = (
				CA98C8D91F8A21E700E230E8 /* Assets.xcassets */,
				CA98C8DB1F8A21E700E230E8 /* LaunchScreen.storyboard */,
				CA98C8DF1F8A21E700E230E8 /* main.m */,
			);
			path = Other;
			sourceTree = "<group>";
		};
		CA98C8F71F8A460E00E230E8 /* RACNetworkData */ = {
			isa = PBXGroup;
			children = (
				CA98C8F41F8A460900E230E8 /* RACNetworkData.h */,
				CA98C8F51F8A460900E230E8 /* RACNetworkData.m */,
				CA98C8F81F8A48C500E230E8 /* NetworkDataViewModel.h */,
				CA98C8F91F8A48C500E230E8 /* NetworkDataViewModel.m */,
				CA98C8FB1F8A4C6700E230E8 /* NetworkDataModel.h */,
				CA98C8FC1F8A4C6700E230E8 /* NetworkDataModel.m */,
			);
			path = RACNetworkData;
			sourceTree = "<group>";
		};
		CAEF54121F9227A6003307DE /* RACOther */ = {
			isa = PBXGroup;
			children = (
				CAEF54131F9227CB003307DE /* RACOtherViewController.h */,
				CAEF54141F9227CB003307DE /* RACOtherViewController.m */,
				CAEF54161F9231A2003307DE /* RACView.h */,
				CAEF54171F9231A2003307DE /* RACView.m */,
				CAEF54191F9238C4003307DE /* RACModel.h */,
				CAEF541A1F9238C4003307DE /* RACModel.m */,
			);
			path = RACOther;
			sourceTree = "<group>";
		};
		CAEF541F1F924B32003307DE /* RACAdvance */ = {
			isa = PBXGroup;
			children = (
				CAEF541C1F924B22003307DE /* RACAdvanceViewController.h */,
				CAEF541D1F924B22003307DE /* RACAdvanceViewController.m */,
			);
			path = RACAdvance;
			sourceTree = "<group>";
		};
/* End PBXGroup section */

/* Begin PBXNativeTarget section */
		CA98C8CC1F8A21E700E230E8 /* Login */ = {
			isa = PBXNativeTarget;
			buildConfigurationList = CA98C8E31F8A21E700E230E8 /* Build configuration list for PBXNativeTarget "Login" */;
			buildPhases = (
				D1D61953367D1FFA1380B9A2 /* [CP] Check Pods Manifest.lock */,
				CA98C8C91F8A21E700E230E8 /* Sources */,
				CA98C8CA1F8A21E700E230E8 /* Frameworks */,
				CA98C8CB1F8A21E700E230E8 /* Resources */,
				F2FB978798133394DEF07738 /* [CP] Embed Pods Frameworks */,
				AAA0358391E5AF9C1150973E /* [CP] Copy Pods Resources */,
			);
			buildRules = (
			);
			dependencies = (
			);
			name = Login;
			productName = Login;
			productReference = CA98C8CD1F8A21E700E230E8 /* Login.app */;
			productType = "com.apple.product-type.application";
		};
/* End PBXNativeTarget section */

/* Begin PBXProject section */
		CA98C8C51F8A21E700E230E8 /* Project object */ = {
			isa = PBXProject;
			attributes = {
				LastUpgradeCheck = 0900;
				ORGANIZATIONNAME = philia;
				TargetAttributes = {
					CA98C8CC1F8A21E700E230E8 = {
						CreatedOnToolsVersion = 9.0;
						ProvisioningStyle = Automatic;
					};
				};
			};
			buildConfigurationList = CA98C8C81F8A21E700E230E8 /* Build configuration list for PBXProject "Login" */;
			compatibilityVersion = "Xcode 8.0";
			developmentRegion = en;
			hasScannedForEncodings = 0;
			knownRegions = (
				en,
				Base,
			);
			mainGroup = CA98C8C41F8A21E700E230E8;
			productRefGroup = CA98C8CE1F8A21E700E230E8 /* Products */;
			projectDirPath = "";
			projectRoot = "";
			targets = (
				CA98C8CC1F8A21E700E230E8 /* Login */,
			);
		};
/* End PBXProject section */

/* Begin PBXResourcesBuildPhase section */
		CA98C8CB1F8A21E700E230E8 /* Resources */ = {
			isa = PBXResourcesBuildPhase;
			buildActionMask = 2147483647;
			files = (
				CA98C8DD1F8A21E700E230E8 /* LaunchScreen.storyboard in Resources */,
				CA98C8DA1F8A21E700E230E8 /* Assets.xcassets in Resources */,
				CA98C8D81F8A21E700E230E8 /* Main.storyboard in Resources */,
			);
			runOnlyForDeploymentPostprocessing = 0;
		};
/* End PBXResourcesBuildPhase section */

/* Begin PBXShellScriptBuildPhase section */
		AAA0358391E5AF9C1150973E /* [CP] Copy Pods Resources */ = {
			isa = PBXShellScriptBuildPhase;
			buildActionMask = 2147483647;
			files = (
			);
			inputPaths = (
			);
			name = "[CP] Copy Pods Resources";
			outputPaths = (
			);
			runOnlyForDeploymentPostprocessing = 0;
			shellPath = /bin/sh;
			shellScript = "\"${SRCROOT}/Pods/Target Support Files/Pods-Login/Pods-Login-resources.sh\"\n";
			showEnvVarsInLog = 0;
		};
		D1D61953367D1FFA1380B9A2 /* [CP] Check Pods Manifest.lock */ = {
			isa = PBXShellScriptBuildPhase;
			buildActionMask = 2147483647;
			files = (
			);
			inputPaths = (
				"${PODS_PODFILE_DIR_PATH}/Podfile.lock",
				"${PODS_ROOT}/Manifest.lock",
			);
			name = "[CP] Check Pods Manifest.lock";
			outputPaths = (
				"$(DERIVED_FILE_DIR)/Pods-Login-checkManifestLockResult.txt",
			);
			runOnlyForDeploymentPostprocessing = 0;
			shellPath = /bin/sh;
			shellScript = "diff \"${PODS_PODFILE_DIR_PATH}/Podfile.lock\" \"${PODS_ROOT}/Manifest.lock\" > /dev/null\nif [ $? != 0 ] ; then\n    # print error to STDERR\n    echo \"error: The sandbox is not in sync with the Podfile.lock. Run 'pod install' or update your CocoaPods installation.\" >&2\n    exit 1\nfi\n# This output is used by Xcode 'outputs' to avoid re-running this script phase.\necho \"SUCCESS\" > \"${SCRIPT_OUTPUT_FILE_0}\"\n";
			showEnvVarsInLog = 0;
		};
		F2FB978798133394DEF07738 /* [CP] Embed Pods Frameworks */ = {
			isa = PBXShellScriptBuildPhase;
			buildActionMask = 2147483647;
			files = (
			);
			inputPaths = (
				"${SRCROOT}/Pods/Target Support Files/Pods-Login/Pods-Login-frameworks.sh",
				"${BUILT_PRODUCTS_DIR}/AFNetworking/AFNetworking.framework",
				"${BUILT_PRODUCTS_DIR}/Masonry/Masonry.framework",
				"${BUILT_PRODUCTS_DIR}/ReactiveObjC/ReactiveObjC.framework",
				"${BUILT_PRODUCTS_DIR}/SVProgressHUD/SVProgressHUD.framework",
				"${BUILT_PRODUCTS_DIR}/YYModel/YYModel.framework",
			);
			name = "[CP] Embed Pods Frameworks";
			outputPaths = (
				"${TARGET_BUILD_DIR}/${FRAMEWORKS_FOLDER_PATH}/AFNetworking.framework",
				"${TARGET_BUILD_DIR}/${FRAMEWORKS_FOLDER_PATH}/Masonry.framework",
				"${TARGET_BUILD_DIR}/${FRAMEWORKS_FOLDER_PATH}/ReactiveObjC.framework",
				"${TARGET_BUILD_DIR}/${FRAMEWORKS_FOLDER_PATH}/SVProgressHUD.framework",
				"${TARGET_BUILD_DIR}/${FRAMEWORKS_FOLDER_PATH}/YYModel.framework",
			);
			runOnlyForDeploymentPostprocessing = 0;
			shellPath = /bin/sh;
			shellScript = "\"${SRCROOT}/Pods/Target Support Files/Pods-Login/Pods-Login-frameworks.sh\"\n";
			showEnvVarsInLog = 0;
		};
/* End PBXShellScriptBuildPhase section */

/* Begin PBXSourcesBuildPhase section */
		CA98C8C91F8A21E700E230E8 /* Sources */ = {
			isa = PBXSourcesBuildPhase;
			buildActionMask = 2147483647;
			files = (
				CA98C8FD1F8A4C6700E230E8 /* NetworkDataModel.m in Sources */,
				CA5D86DC1F9CCA3500D47C23 /* RACOperationViewController.m in Sources */,
				CAEF541E1F924B22003307DE /* RACAdvanceViewController.m in Sources */,
				CA98C8F61F8A460900E230E8 /* RACNetworkData.m in Sources */,
				CA98C8FA1F8A48C500E230E8 /* NetworkDataViewModel.m in Sources */,
				CA98C8E91F8A2A4F00E230E8 /* LoginViewController.m in Sources */,
				CAEF54151F9227CB003307DE /* RACOtherViewController.m in Sources */,
				CA98C8D51F8A21E700E230E8 /* ViewController.m in Sources */,
				CA98C8F31F8A414000E230E8 /* LoginViewModel.m in Sources */,
				CA98C8E01F8A21E700E230E8 /* main.m in Sources */,
				CAEF54221F924B5B003307DE /* RACBasicUseController.m in Sources */,
				CAEF541B1F9238C4003307DE /* RACModel.m in Sources */,
				CA98C8D21F8A21E700E230E8 /* AppDelegate.m in Sources */,
				CAEF54181F9231A2003307DE /* RACView.m in Sources */,
			);
			runOnlyForDeploymentPostprocessing = 0;
		};
/* End PBXSourcesBuildPhase section */

/* Begin PBXVariantGroup section */
		CA98C8D61F8A21E700E230E8 /* Main.storyboard */ = {
			isa = PBXVariantGroup;
			children = (
				CA98C8D71F8A21E700E230E8 /* Base */,
			);
			name = Main.storyboard;
			sourceTree = "<group>";
		};
		CA98C8DB1F8A21E700E230E8 /* LaunchScreen.storyboard */ = {
			isa = PBXVariantGroup;
			children = (
				CA98C8DC1F8A21E700E230E8 /* Base */,
			);
			name = LaunchScreen.storyboard;
			sourceTree = "<group>";
		};
/* End PBXVariantGroup section */

/* Begin XCBuildConfiguration section */
		CA98C8E11F8A21E700E230E8 /* Debug */ = {
			isa = XCBuildConfiguration;
			buildSettings = {
				ALWAYS_SEARCH_USER_PATHS = NO;
				CLANG_ANALYZER_NONNULL = YES;
				CLANG_ANALYZER_NUMBER_OBJECT_CONVERSION = YES_AGGRESSIVE;
				CLANG_CXX_LANGUAGE_STANDARD = "gnu++14";
				CLANG_CXX_LIBRARY = "libc++";
				CLANG_ENABLE_MODULES = YES;
				CLANG_ENABLE_OBJC_ARC = YES;
				CLANG_WARN_BLOCK_CAPTURE_AUTORELEASING = YES;
				CLANG_WARN_BOOL_CONVERSION = YES;
				CLANG_WARN_COMMA = YES;
				CLANG_WARN_CONSTANT_CONVERSION = YES;
				CLANG_WARN_DIRECT_OBJC_ISA_USAGE = YES_ERROR;
				CLANG_WARN_DOCUMENTATION_COMMENTS = YES;
				CLANG_WARN_EMPTY_BODY = YES;
				CLANG_WARN_ENUM_CONVERSION = YES;
				CLANG_WARN_INFINITE_RECURSION = YES;
				CLANG_WARN_INT_CONVERSION = YES;
				CLANG_WARN_NON_LITERAL_NULL_CONVERSION = YES;
				CLANG_WARN_OBJC_LITERAL_CONVERSION = YES;
				CLANG_WARN_OBJC_ROOT_CLASS = YES_ERROR;
				CLANG_WARN_RANGE_LOOP_ANALYSIS = YES;
				CLANG_WARN_STRICT_PROTOTYPES = YES;
				CLANG_WARN_SUSPICIOUS_MOVE = YES;
				CLANG_WARN_UNGUARDED_AVAILABILITY = YES_AGGRESSIVE;
				CLANG_WARN_UNREACHABLE_CODE = YES;
				CLANG_WARN__DUPLICATE_METHOD_MATCH = YES;
				CODE_SIGN_IDENTITY = "iPhone Developer";
				COPY_PHASE_STRIP = NO;
				DEBUG_INFORMATION_FORMAT = dwarf;
				ENABLE_STRICT_OBJC_MSGSEND = YES;
				ENABLE_TESTABILITY = YES;
				GCC_C_LANGUAGE_STANDARD = gnu11;
				GCC_DYNAMIC_NO_PIC = NO;
				GCC_NO_COMMON_BLOCKS = YES;
				GCC_OPTIMIZATION_LEVEL = 0;
				GCC_PREPROCESSOR_DEFINITIONS = (
					"DEBUG=1",
					"$(inherited)",
				);
				GCC_WARN_64_TO_32_BIT_CONVERSION = YES;
				GCC_WARN_ABOUT_RETURN_TYPE = YES_ERROR;
				GCC_WARN_UNDECLARED_SELECTOR = YES;
				GCC_WARN_UNINITIALIZED_AUTOS = YES_AGGRESSIVE;
				GCC_WARN_UNUSED_FUNCTION = YES;
				GCC_WARN_UNUSED_VARIABLE = YES;
				IPHONEOS_DEPLOYMENT_TARGET = 11.0;
				MTL_ENABLE_DEBUG_INFO = YES;
				ONLY_ACTIVE_ARCH = YES;
				SDKROOT = iphoneos;
			};
			name = Debug;
		};
		CA98C8E21F8A21E700E230E8 /* Release */ = {
			isa = XCBuildConfiguration;
			buildSettings = {
				ALWAYS_SEARCH_USER_PATHS = NO;
				CLANG_ANALYZER_NONNULL = YES;
				CLANG_ANALYZER_NUMBER_OBJECT_CONVERSION = YES_AGGRESSIVE;
				CLANG_CXX_LANGUAGE_STANDARD = "gnu++14";
				CLANG_CXX_LIBRARY = "libc++";
				CLANG_ENABLE_MODULES = YES;
				CLANG_ENABLE_OBJC_ARC = YES;
				CLANG_WARN_BLOCK_CAPTURE_AUTORELEASING = YES;
				CLANG_WARN_BOOL_CONVERSION = YES;
				CLANG_WARN_COMMA = YES;
				CLANG_WARN_CONSTANT_CONVERSION = YES;
				CLANG_WARN_DIRECT_OBJC_ISA_USAGE = YES_ERROR;
				CLANG_WARN_DOCUMENTATION_COMMENTS = YES;
				CLANG_WARN_EMPTY_BODY = YES;
				CLANG_WARN_ENUM_CONVERSION = YES;
				CLANG_WARN_INFINITE_RECURSION = YES;
				CLANG_WARN_INT_CONVERSION = YES;
				CLANG_WARN_NON_LITERAL_NULL_CONVERSION = YES;
				CLANG_WARN_OBJC_LITERAL_CONVERSION = YES;
				CLANG_WARN_OBJC_ROOT_CLASS = YES_ERROR;
				CLANG_WARN_RANGE_LOOP_ANALYSIS = YES;
				CLANG_WARN_STRICT_PROTOTYPES = YES;
				CLANG_WARN_SUSPICIOUS_MOVE = YES;
				CLANG_WARN_UNGUARDED_AVAILABILITY = YES_AGGRESSIVE;
				CLANG_WARN_UNREACHABLE_CODE = YES;
				CLANG_WARN__DUPLICATE_METHOD_MATCH = YES;
				CODE_SIGN_IDENTITY = "iPhone Developer";
				COPY_PHASE_STRIP = NO;
				DEBUG_INFORMATION_FORMAT = "dwarf-with-dsym";
				ENABLE_NS_ASSERTIONS = NO;
				ENABLE_STRICT_OBJC_MSGSEND = YES;
				GCC_C_LANGUAGE_STANDARD = gnu11;
				GCC_NO_COMMON_BLOCKS = YES;
				GCC_WARN_64_TO_32_BIT_CONVERSION = YES;
				GCC_WARN_ABOUT_RETURN_TYPE = YES_ERROR;
				GCC_WARN_UNDECLARED_SELECTOR = YES;
				GCC_WARN_UNINITIALIZED_AUTOS = YES_AGGRESSIVE;
				GCC_WARN_UNUSED_FUNCTION = YES;
				GCC_WARN_UNUSED_VARIABLE = YES;
				IPHONEOS_DEPLOYMENT_TARGET = 11.0;
				MTL_ENABLE_DEBUG_INFO = NO;
				SDKROOT = iphoneos;
				VALIDATE_PRODUCT = YES;
			};
			name = Release;
		};
		CA98C8E41F8A21E700E230E8 /* Debug */ = {
			isa = XCBuildConfiguration;
			baseConfigurationReference = 21E35A46A3794DF535934A59 /* Pods-Login.debug.xcconfig */;
			buildSettings = {
				ASSETCATALOG_COMPILER_APPICON_NAME = AppIcon;
				CODE_SIGN_STYLE = Automatic;
				GCC_PRECOMPILE_PREFIX_HEADER = YES;
				GCC_PREFIX_HEADER = "$(SRCROOT)/Login/PrefixHeader.pch";
				INFOPLIST_FILE = Login/Info.plist;
				LD_RUNPATH_SEARCH_PATHS = "$(inherited) @executable_path/Frameworks";
				PRODUCT_BUNDLE_IDENTIFIER = cn.shuaibi.jb.Login;
				PRODUCT_NAME = "$(TARGET_NAME)";
				TARGETED_DEVICE_FAMILY = "1,2";
			};
			name = Debug;
		};
		CA98C8E51F8A21E700E230E8 /* Release */ = {
			isa = XCBuildConfiguration;
			baseConfigurationReference = 0D88B1D8D255BDB353CDA421 /* Pods-Login.release.xcconfig */;
			buildSettings = {
				ASSETCATALOG_COMPILER_APPICON_NAME = AppIcon;
				CODE_SIGN_STYLE = Automatic;
				GCC_PRECOMPILE_PREFIX_HEADER = YES;
				GCC_PREFIX_HEADER = "$(SRCROOT)/Login/PrefixHeader.pch";
				INFOPLIST_FILE = Login/Info.plist;
				LD_RUNPATH_SEARCH_PATHS = "$(inherited) @executable_path/Frameworks";
				PRODUCT_BUNDLE_IDENTIFIER = cn.shuaibi.jb.Login;
				PRODUCT_NAME = "$(TARGET_NAME)";
				TARGETED_DEVICE_FAMILY = "1,2";
			};
			name = Release;
		};
/* End XCBuildConfiguration section */

/* Begin XCConfigurationList section */
		CA98C8C81F8A21E700E230E8 /* Build configuration list for PBXProject "Login" */ = {
			isa = XCConfigurationList;
			buildConfigurations = (
				CA98C8E11F8A21E700E230E8 /* Debug */,
				CA98C8E21F8A21E700E230E8 /* Release */,
			);
			defaultConfigurationIsVisible = 0;
			defaultConfigurationName = Release;
		};
		CA98C8E31F8A21E700E230E8 /* Build configuration list for PBXNativeTarget "Login" */ = {
			isa = XCConfigurationList;
			buildConfigurations = (
				CA98C8E41F8A21E700E230E8 /* Debug */,
				CA98C8E51F8A21E700E230E8 /* Release */,
			);
			defaultConfigurationIsVisible = 0;
			defaultConfigurationName = Release;
		};
/* End XCConfigurationList section */
	};
	rootObject = CA98C8C51F8A21E700E230E8 /* Project object */;
}
